// !$*UTF8*$!
{
	archiveVersion = 1;
	classes = {
	};
	objectVersion = 77;
	objects = {

/* Begin PBXBuildFile section */
		972148C82E45B82400540EFA /* MobileNetV2FP16 2.mlmodel in Sources */ = {isa = PBXBuildFile; fileRef = 972148C72E45B82400540EFA /* MobileNetV2FP16 2.mlmodel */; };
/* End PBXBuildFile section */

/* Begin PBXContainerItemProxy section */
		9711083C2E42C02300FE05E5 /* PBXContainerItemProxy */ = {
			isa = PBXContainerItemProxy;
			containerPortal = 971108262E42C02300FE05E5 /* Project object */;
			proxyType = 1;
			remoteGlobalIDString = 9711082D2E42C02300FE05E5;
			remoteInfo = ImageTagger;
		};
		971108462E42C02300FE05E5 /* PBXContainerItemProxy */ = {
			isa = PBXContainerItemProxy;
			containerPortal = 971108262E42C02300FE05E5 /* Project object */;
			proxyType = 1;
			remoteGlobalIDString = 9711082D2E42C02300FE05E5;
			remoteInfo = ImageTagger;
		};
/* End PBXContainerItemProxy section */

/* Begin PBXFileReference section */
		9711082E2E42C02300FE05E5 /* ImageTagger.app */ = {isa = PBXFileReference; explicitFileType = wrapper.application; includeInIndex = 0; path = ImageTagger.app; sourceTree = BUILT_PRODUCTS_DIR; };
		9711083B2E42C02300FE05E5 /* ImageTaggerTests.xctest */ = {isa = PBXFileReference; explicitFileType = wrapper.cfbundle; includeInIndex = 0; path = ImageTaggerTests.xctest; sourceTree = BUILT_PRODUCTS_DIR; };
		971108452E42C02300FE05E5 /* ImageTaggerUITests.xctest */ = {isa = PBXFileReference; explicitFileType = wrapper.cfbundle; includeInIndex = 0; path = ImageTaggerUITests.xctest; sourceTree = BUILT_PRODUCTS_DIR; };
		972148C72E45B82400540EFA /* MobileNetV2FP16 2.mlmodel */ = {isa = PBXFileReference; lastKnownFileType = file.mlmodel; path = "MobileNetV2FP16 2.mlmodel"; sourceTree = "<group>"; };
/* End PBXFileReference section */

/* Begin PBXFileSystemSynchronizedRootGroup section */
		971108302E42C02300FE05E5 /* ImageTagger */ = {
			isa = PBXFileSystemSynchronizedRootGroup;
			path = ImageTagger;
			sourceTree = "<group>";
		};
		9711083E2E42C02300FE05E5 /* ImageTaggerTests */ = {
			isa = PBXFileSystemSynchronizedRootGroup;
			path = ImageTaggerTests;
			sourceTree = "<group>";
		};
		971108482E42C02300FE05E5 /* ImageTaggerUITests */ = {
			isa = PBXFileSystemSynchronizedRootGroup;
			path = ImageTaggerUITests;
			sourceTree = "<group>";
		};
/* End PBXFileSystemSynchronizedRootGroup section */

/* Begin PBXFrameworksBuildPhase section */
		9711082B2E42C02300FE05E5 /* Frameworks */ = {
			isa = PBXFrameworksBuildPhase;
			buildActionMask = 2147483647;
			files = (
			);
			runOnlyForDeploymentPostprocessing = 0;
		};
		971108382E42C02300FE05E5 /* Frameworks */ = {
			isa = PBXFrameworksBuildPhase;
			buildActionMask = 2147483647;
			files = (
			);
			runOnlyForDeploymentPostprocessing = 0;
		};
		971108422E42C02300FE05E5 /* Frameworks */ = {
			isa = PBXFrameworksBuildPhase;
			buildActionMask = 2147483647;
			files = (
			);
			runOnlyForDeploymentPostprocessing = 0;
		};
/* End PBXFrameworksBuildPhase section */

/* Begin PBXGroup section */
		971108252E42C02300FE05E5 = {
			isa = PBXGroup;
			children = (
				972148C72E45B82400540EFA /* MobileNetV2FP16 2.mlmodel */,
				971108302E42C02300FE05E5 /* ImageTagger */,
				9711083E2E42C02300FE05E5 /* ImageTaggerTests */,
				971108482E42C02300FE05E5 /* ImageTaggerUITests */,
				9711082F2E42C02300FE05E5 /* Products */,
			);
			sourceTree = "<group>";
		};
		9711082F2E42C02300FE05E5 /* Products */ = {
			isa = PBXGroup;
			children = (
				9711082E2E42C02300FE05E5 /* ImageTagger.app */,
				9711083B2E42C02300FE05E5 /* ImageTaggerTests.xctest */,
				971108452E42C02300FE05E5 /* ImageTaggerUITests.xctest */,
			);
			name = Products;
			sourceTree = "<group>";
		};
/* End PBXGroup section */

/* Begin PBXNativeTarget section */
		9711082D2E42C02300FE05E5 /* ImageTagger */ = {
			isa = PBXNativeTarget;
			buildConfigurationList = 9711084F2E42C02300FE05E5 /* Build configuration list for PBXNativeTarget "ImageTagger" */;
			buildPhases = (
				9711082A2E42C02300FE05E5 /* Sources */,
				9711082B2E42C02300FE05E5 /* Frameworks */,
				9711082C2E42C02300FE05E5 /* Resources */,
			);
			buildRules = (
			);
			dependencies = (
			);
			fileSystemSynchronizedGroups = (
				971108302E42C02300FE05E5 /* ImageTagger */,
			);
			name = ImageTagger;
			packageProductDependencies = (
			);
			productName = ImageTagger;
			productReference = 9711082E2E42C02300FE05E5 /* ImageTagger.app */;
			productType = "com.apple.product-type.application";
		};
		9711083A2E42C02300FE05E5 /* ImageTaggerTests */ = {
			isa = PBXNativeTarget;
			buildConfigurationList = 971108522E42C02300FE05E5 /* Build configuration list for PBXNativeTarget "ImageTaggerTests" */;
			buildPhases = (
				971108372E42C02300FE05E5 /* Sources */,
				971108382E42C02300FE05E5 /* Frameworks */,
				971108392E42C02300FE05E5 /* Resources */,
			);
			buildRules = (
			);
			dependencies = (
				9711083D2E42C02300FE05E5 /* PBXTargetDependency */,
			);
			fileSystemSynchronizedGroups = (
				9711083E2E42C02300FE05E5 /* ImageTaggerTests */,
			);
			name = ImageTaggerTests;
			packageProductDependencies = (
			);
			productName = ImageTaggerTests;
			productReference = 9711083B2E42C02300FE05E5 /* ImageTaggerTests.xctest */;
			productType = "com.apple.product-type.bundle.unit-test";
		};
		971108442E42C02300FE05E5 /* ImageTaggerUITests */ = {
			isa = PBXNativeTarget;
			buildConfigurationList = 971108552E42C02300FE05E5 /* Build configuration list for PBXNativeTarget "ImageTaggerUITests" */;
			buildPhases = (
				971108412E42C02300FE05E5 /* Sources */,
				971108422E42C02300FE05E5 /* Frameworks */,
				971108432E42C02300FE05E5 /* Resources */,
			);
			buildRules = (
			);
			dependencies = (
				971108472E42C02300FE05E5 /* PBXTargetDependency */,
			);
			fileSystemSynchronizedGroups = (
				971108482E42C02300FE05E5 /* ImageTaggerUITests */,
			);
			name = ImageTaggerUITests;
			packageProductDependencies = (
			);
			productName = ImageTaggerUITests;
			productReference = 971108452E42C02300FE05E5 /* ImageTaggerUITests.xctest */;
			productType = "com.apple.product-type.bundle.ui-testing";
		};
/* End PBXNativeTarget section */

/* Begin PBXProject section */
		971108262E42C02300FE05E5 /* Project object */ = {
			isa = PBXProject;
			attributes = {
				BuildIndependentTargetsInParallel = 1;
				LastSwiftUpdateCheck = 1640;
				LastUpgradeCheck = 1640;
				TargetAttributes = {
					9711082D2E42C02300FE05E5 = {
						CreatedOnToolsVersion = 16.4;
					};
					9711083A2E42C02300FE05E5 = {
						CreatedOnToolsVersion = 16.4;
						TestTargetID = 9711082D2E42C02300FE05E5;
					};
					971108442E42C02300FE05E5 = {
						CreatedOnToolsVersion = 16.4;
						TestTargetID = 9711082D2E42C02300FE05E5;
					};
				};
			};
			buildConfigurationList = 971108292E42C02300FE05E5 /* Build configuration list for PBXProject "ImageTagger" */;
			developmentRegion = en;
			hasScannedForEncodings = 0;
			knownRegions = (
				en,
				Base,
			);
			mainGroup = 971108252E42C02300FE05E5;
			minimizedProjectReferenceProxies = 1;
			preferredProjectObjectVersion = 77;
			productRefGroup = 9711082F2E42C02300FE05E5 /* Products */;
			projectDirPath = "";
			projectRoot = "";
			targets = (
				9711082D2E42C02300FE05E5 /* ImageTagger */,
				9711083A2E42C02300FE05E5 /* ImageTaggerTests */,
				971108442E42C02300FE05E5 /* ImageTaggerUITests */,
			);
		};
/* End PBXProject section */

/* Begin PBXResourcesBuildPhase section */
		9711082C2E42C02300FE05E5 /* Resources */ = {
			isa = PBXResourcesBuildPhase;
			buildActionMask = 2147483647;
			files = (
			);
			runOnlyForDeploymentPostprocessing = 0;
		};
		971108392E42C02300FE05E5 /* Resources */ = {
			isa = PBXResourcesBuildPhase;
			buildActionMask = 2147483647;
			files = (
			);
			runOnlyForDeploymentPostprocessing = 0;
		};
		971108432E42C02300FE05E5 /* Resources */ = {
			isa = PBXResourcesBuildPhase;
			buildActionMask = 2147483647;
			files = (
			);
			runOnlyForDeploymentPostprocessing = 0;
		};
/* End PBXResourcesBuildPhase section */

/* Begin PBXSourcesBuildPhase section */
		9711082A2E42C02300FE05E5 /* Sources */ = {
			isa = PBXSourcesBuildPhase;
			buildActionMask = 2147483647;
			files = (
				972148C82E45B82400540EFA /* MobileNetV2FP16 2.mlmodel in Sources */,
			);
			runOnlyForDeploymentPostprocessing = 0;
		};
		971108372E42C02300FE05E5 /* Sources */ = {
			isa = PBXSourcesBuildPhase;
			buildActionMask = 2147483647;
			files = (
			);
			runOnlyForDeploymentPostprocessing = 0;
		};
		971108412E42C02300FE05E5 /* Sources */ = {
			isa = PBXSourcesBuildPhase;
			buildActionMask = 2147483647;
			files = (
			);
			runOnlyForDeploymentPostprocessing = 0;
		};
/* End PBXSourcesBuildPhase section */

/* Begin PBXTargetDependency section */
		9711083D2E42C02300FE05E5 /* PBXTargetDependency */ = {
			isa = PBXTargetDependency;
			target = 9711082D2E42C02300FE05E5 /* ImageTagger */;
			targetProxy = 9711083C2E42C02300FE05E5 /* PBXContainerItemProxy */;
		};
		971108472E42C02300FE05E5 /* PBXTargetDependency */ = {
			isa = PBXTargetDependency;
			target = 9711082D2E42C02300FE05E5 /* ImageTagger */;
			targetProxy = 971108462E42C02300FE05E5 /* PBXContainerItemProxy */;
		};
/* End PBXTargetDependency section */

/* Begin XCBuildConfiguration section */
		9711084D2E42C02300FE05E5 /* Debug */ = {
			isa = XCBuildConfiguration;
			buildSettings = {
				ALWAYS_SEARCH_USER_PATHS = NO;
				ASSETCATALOG_COMPILER_GENERATE_SWIFT_ASSET_SYMBOL_EXTENSIONS = YES;
				CLANG_ANALYZER_NONNULL = YES;
				CLANG_ANALYZER_NUMBER_OBJECT_CONVERSION = YES_AGGRESSIVE;
				CLANG_CXX_LANGUAGE_STANDARD = "gnu++20";
				CLANG_ENABLE_MODULES = YES;
				CLANG_ENABLE_OBJC_ARC = YES;
				CLANG_ENABLE_OBJC_WEAK = YES;
				CLANG_WARN_BLOCK_CAPTURE_AUTORELEASING = YES;
				CLANG_WARN_BOOL_CONVERSION = YES;
				CLANG_WARN_COMMA = YES;
				CLANG_WARN_CONSTANT_CONVERSION = YES;
				CLANG_WARN_DEPRECATED_OBJC_IMPLEMENTATIONS = YES;
				CLANG_WARN_DIRECT_OBJC_ISA_USAGE = YES_ERROR;
				CLANG_WARN_DOCUMENTATION_COMMENTS = YES;
				CLANG_WARN_EMPTY_BODY = YES;
				CLANG_WARN_ENUM_CONVERSION = YES;
				CLANG_WARN_INFINITE_RECURSION = YES;
				CLANG_WARN_INT_CONVERSION = YES;
				CLANG_WARN_NON_LITERAL_NULL_CONVERSION = YES;
				CLANG_WARN_OBJC_IMPLICIT_RETAIN_SELF = YES;
				CLANG_WARN_OBJC_LITERAL_CONVERSION = YES;
				CLANG_WARN_OBJC_ROOT_CLASS = YES_ERROR;
				CLANG_WARN_QUOTED_INCLUDE_IN_FRAMEWORK_HEADER = YES;
				CLANG_WARN_RANGE_LOOP_ANALYSIS = YES;
				CLANG_WARN_STRICT_PROTOTYPES = YES;
				CLANG_WARN_SUSPICIOUS_MOVE = YES;
				CLANG_WARN_UNGUARDED_AVAILABILITY = YES_AGGRESSIVE;
				CLANG_WARN_UNREACHABLE_CODE = YES;
				CLANG_WARN__DUPLICATE_METHOD_MATCH = YES;
				COPY_PHASE_STRIP = NO;
				DEBUG_INFORMATION_FORMAT = dwarf;
				DEVELOPMENT_TEAM = 28S947BP7H;
				ENABLE_STRICT_OBJC_MSGSEND = YES;
				ENABLE_TESTABILITY = YES;
				ENABLE_USER_SCRIPT_SANDBOXING = YES;
				GCC_C_LANGUAGE_STANDARD = gnu17;
				GCC_DYNAMIC_NO_PIC = NO;
				GCC_NO_COMMON_BLOCKS = YES;
				GCC_OPTIMIZATION_LEVEL = 0;
				GCC_PREPROCESSOR_DEFINITIONS = (
					"DEBUG=1",
					"$(inherited)",
				);
				GCC_WARN_64_TO_32_BIT_CONVERSION = YES;
				GCC_WARN_ABOUT_RETURN_TYPE = YES_ERROR;
				GCC_WARN_UNDECLARED_SELECTOR = YES;
				GCC_WARN_UNINITIALIZED_AUTOS = YES_AGGRESSIVE;
				GCC_WARN_UNUSED_FUNCTION = YES;
				GCC_WARN_UNUSED_VARIABLE = YES;
				IPHONEOS_DEPLOYMENT_TARGET = 18.5;
				LOCALIZATION_PREFERS_STRING_CATALOGS = YES;
				MTL_ENABLE_DEBUG_INFO = INCLUDE_SOURCE;
				MTL_FAST_MATH = YES;
				ONLY_ACTIVE_ARCH = YES;
				SDKROOT = iphoneos;
				SWIFT_ACTIVE_COMPILATION_CONDITIONS = "DEBUG $(inherited)";
				SWIFT_OPTIMIZATION_LEVEL = "-Onone";
			};
			name = Debug;
		};
		9711084E2E42C02300FE05E5 /* Release */ = {
			isa = XCBuildConfiguration;
			buildSettings = {
				ALWAYS_SEARCH_USER_PATHS = NO;
				ASSETCATALOG_COMPILER_GENERATE_SWIFT_ASSET_SYMBOL_EXTENSIONS = YES;
				CLANG_ANALYZER_NONNULL = YES;
				CLANG_ANALYZER_NUMBER_OBJECT_CONVERSION = YES_AGGRESSIVE;
				CLANG_CXX_LANGUAGE_STANDARD = "gnu++20";
				CLANG_ENABLE_MODULES = YES;
				CLANG_ENABLE_OBJC_ARC = YES;
				CLANG_ENABLE_OBJC_WEAK = YES;
				CLANG_WARN_BLOCK_CAPTURE_AUTORELEASING = YES;
				CLANG_WARN_BOOL_CONVERSION = YES;
				CLANG_WARN_COMMA = YES;
				CLANG_WARN_CONSTANT_CONVERSION = YES;
				CLANG_WARN_DEPRECATED_OBJC_IMPLEMENTATIONS = YES;
				CLANG_WARN_DIRECT_OBJC_ISA_USAGE = YES_ERROR;
				CLANG_WARN_DOCUMENTATION_COMMENTS = YES;
				CLANG_WARN_EMPTY_BODY = YES;
				CLANG_WARN_ENUM_CONVERSION = YES;
				CLANG_WARN_INFINITE_RECURSION = YES;
				CLANG_WARN_INT_CONVERSION = YES;
				CLANG_WARN_NON_LITERAL_NULL_CONVERSION = YES;
				CLANG_WARN_OBJC_IMPLICIT_RETAIN_SELF = YES;
				CLANG_WARN_OBJC_LITERAL_CONVERSION = YES;
				CLANG_WARN_OBJC_ROOT_CLASS = YES_ERROR;
				CLANG_WARN_QUOTED_INCLUDE_IN_FRAMEWORK_HEADER = YES;
				CLANG_WARN_RANGE_LOOP_ANALYSIS = YES;
				CLANG_WARN_STRICT_PROTOTYPES = YES;
				CLANG_WARN_SUSPICIOUS_MOVE = YES;
				CLANG_WARN_UNGUARDED_AVAILABILITY = YES_AGGRESSIVE;
				CLANG_WARN_UNREACHABLE_CODE = YES;
				CLANG_WARN__DUPLICATE_METHOD_MATCH = YES;
				COPY_PHASE_STRIP = NO;
				DEBUG_INFORMATION_FORMAT = "dwarf-with-dsym";
				DEVELOPMENT_TEAM = 28S947BP7H;
				ENABLE_NS_ASSERTIONS = NO;
				ENABLE_STRICT_OBJC_MSGSEND = YES;
				ENABLE_USER_SCRIPT_SANDBOXING = YES;
				GCC_C_LANGUAGE_STANDARD = gnu17;
				GCC_NO_COMMON_BLOCKS = YES;
				GCC_WARN_64_TO_32_BIT_CONVERSION = YES;
				GCC_WARN_ABOUT_RETURN_TYPE = YES_ERROR;
				GCC_WARN_UNDECLARED_SELECTOR = YES;
				GCC_WARN_UNINITIALIZED_AUTOS = YES_AGGRESSIVE;
				GCC_WARN_UNUSED_FUNCTION = YES;
				GCC_WARN_UNUSED_VARIABLE = YES;
				IPHONEOS_DEPLOYMENT_TARGET = 18.5;
				LOCALIZATION_PREFERS_STRING_CATALOGS = YES;
				MTL_ENABLE_DEBUG_INFO = NO;
				MTL_FAST_MATH = YES;
				SDKROOT = iphoneos;
				SWIFT_COMPILATION_MODE = wholemodule;
				VALIDATE_PRODUCT = YES;
			};
			name = Release;
		};
		971108502E42C02300FE05E5 /* Debug */ = {
			isa = XCBuildConfiguration;
			buildSettings = {
				ASSETCATALOG_COMPILER_APPICON_NAME = AppIcon;
				ASSETCATALOG_COMPILER_GLOBAL_ACCENT_COLOR_NAME = AccentColor;
				CODE_SIGN_STYLE = Automatic;
				CURRENT_PROJECT_VERSION = 1;
				DEVELOPMENT_TEAM = 28S947BP7H;
				ENABLE_PREVIEWS = YES;
				GENERATE_INFOPLIST_FILE = YES;
				INFOPLIST_KEY_UIApplicationSceneManifest_Generation = YES;
				INFOPLIST_KEY_UIApplicationSupportsIndirectInputEvents = YES;
				INFOPLIST_KEY_UILaunchScreen_Generation = YES;
				INFOPLIST_KEY_UISupportedInterfaceOrientations_iPad = "UIInterfaceOrientationPortrait UIInterfaceOrientationPortraitUpsideDown UIInterfaceOrientationLandscapeLeft UIInterfaceOrientationLandscapeRight";
				INFOPLIST_KEY_UISupportedInterfaceOrientations_iPhone = "UIInterfaceOrientationPortrait UIInterfaceOrientationLandscapeLeft UIInterfaceOrientationLandscapeRight";
				LD_RUNPATH_SEARCH_PATHS = (
					"$(inherited)",
					"@executable_path/Frameworks",
				);
				MARKETING_VERSION = 1.0;
				PRODUCT_BUNDLE_IDENTIFIER = com.stephenebert.ImageTagger;
				PRODUCT_NAME = "$(TARGET_NAME)";
				SWIFT_EMIT_LOC_STRINGS = YES;
				SWIFT_VERSION = 5.0;
				TARGETED_DEVICE_FAMILY = "1,2";
			};
			name = Debug;
		};
		971108512E42C02300FE05E5 /* Release */ = {
			isa = XCBuildConfiguration;
			buildSettings = {
				ASSETCATALOG_COMPILER_APPICON_NAME = AppIcon;
				ASSETCATALOG_COMPILER_GLOBAL_ACCENT_COLOR_NAME = AccentColor;
				CODE_SIGN_STYLE = Automatic;
				CURRENT_PROJECT_VERSION = 1;
				DEVELOPMENT_TEAM = 28S947BP7H;
				ENABLE_PREVIEWS = YES;
				GENERATE_INFOPLIST_FILE = YES;
				INFOPLIST_KEY_UIApplicationSceneManifest_Generation = YES;
				INFOPLIST_KEY_UIApplicationSupportsIndirectInputEvents = YES;
				INFOPLIST_KEY_UILaunchScreen_Generation = YES;
				INFOPLIST_KEY_UISupportedInterfaceOrientations_iPad = "UIInterfaceOrientationPortrait UIInterfaceOrientationPortraitUpsideDown UIInterfaceOrientationLandscapeLeft UIInterfaceOrientationLandscapeRight";
				INFOPLIST_KEY_UISupportedInterfaceOrientations_iPhone = "UIInterfaceOrientationPortrait UIInterfaceOrientationLandscapeLeft UIInterfaceOrientationLandscapeRight";
				LD_RUNPATH_SEARCH_PATHS = (
					"$(inherited)",
					"@executable_path/Frameworks",
				);
				MARKETING_VERSION = 1.0;
				PRODUCT_BUNDLE_IDENTIFIER = com.stephenebert.ImageTagger;
				PRODUCT_NAME = "$(TARGET_NAME)";
				SWIFT_EMIT_LOC_STRINGS = YES;
				SWIFT_VERSION = 5.0;
				TARGETED_DEVICE_FAMILY = "1,2";
			};
			name = Release;
		};
		971108532E42C02300FE05E5 /* Debug */ = {
			isa = XCBuildConfiguration;
			buildSettings = {
				BUNDLE_LOADER = "$(TEST_HOST)";
				CODE_SIGN_STYLE = Automatic;
				CURRENT_PROJECT_VERSION = 1;
				DEVELOPMENT_TEAM = 28S947BP7H;
				GENERATE_INFOPLIST_FILE = YES;
				IPHONEOS_DEPLOYMENT_TARGET = 18.5;
				MARKETING_VERSION = 1.0;
				PRODUCT_BUNDLE_IDENTIFIER = com.stephenebert.ImageTaggerTests;
				PRODUCT_NAME = "$(TARGET_NAME)";
				SWIFT_EMIT_LOC_STRINGS = NO;
				SWIFT_VERSION = 5.0;
				TARGETED_DEVICE_FAMILY = "1,2";
				TEST_HOST = "$(BUILT_PRODUCTS_DIR)/ImageTagger.app/$(BUNDLE_EXECUTABLE_FOLDER_PATH)/ImageTagger";
			};
			name = Debug;
		};
		971108542E42C02300FE05E5 /* Release */ = {
			isa = XCBuildConfiguration;
			buildSettings = {
				BUNDLE_LOADER = "$(TEST_HOST)";
				CODE_SIGN_STYLE = Automatic;
				CURRENT_PROJECT_VERSION = 1;
				DEVELOPMENT_TEAM = 28S947BP7H;
				GENERATE_INFOPLIST_FILE = YES;
				IPHONEOS_DEPLOYMENT_TARGET = 18.5;
				MARKETING_VERSION = 1.0;
				PRODUCT_BUNDLE_IDENTIFIER = com.stephenebert.ImageTaggerTests;
				PRODUCT_NAME = "$(TARGET_NAME)";
				SWIFT_EMIT_LOC_STRINGS = NO;
				SWIFT_VERSION = 5.0;
				TARGETED_DEVICE_FAMILY = "1,2";
				TEST_HOST = "$(BUILT_PRODUCTS_DIR)/ImageTagger.app/$(BUNDLE_EXECUTABLE_FOLDER_PATH)/ImageTagger";
			};
			name = Release;
		};
		971108562E42C02300FE05E5 /* Debug */ = {
			isa = XCBuildConfiguration;
			buildSettings = {
				CODE_SIGN_STYLE = Automatic;
				CURRENT_PROJECT_VERSION = 1;
				DEVELOPMENT_TEAM = 28S947BP7H;
				GENERATE_INFOPLIST_FILE = YES;
				MARKETING_VERSION = 1.0;
				PRODUCT_BUNDLE_IDENTIFIER = com.stephenebert.ImageTaggerUITests;
				PRODUCT_NAME = "$(TARGET_NAME)";
				SWIFT_EMIT_LOC_STRINGS = NO;
				SWIFT_VERSION = 5.0;
				TARGETED_DEVICE_FAMILY = "1,2";
				TEST_TARGET_NAME = ImageTagger;
			};
			name = Debug;
		};
		971108572E42C02300FE05E5 /* Release */ = {
			isa = XCBuildConfiguration;
			buildSettings = {
				CODE_SIGN_STYLE = Automatic;
				CURRENT_PROJECT_VERSION = 1;
				DEVELOPMENT_TEAM = 28S947BP7H;
				GENERATE_INFOPLIST_FILE = YES;
				MARKETING_VERSION = 1.0;
				PRODUCT_BUNDLE_IDENTIFIER = com.stephenebert.ImageTaggerUITests;
				PRODUCT_NAME = "$(TARGET_NAME)";
				SWIFT_EMIT_LOC_STRINGS = NO;
				SWIFT_VERSION = 5.0;
				TARGETED_DEVICE_FAMILY = "1,2";
				TEST_TARGET_NAME = ImageTagger;
			};
			name = Release;
		};
/* End XCBuildConfiguration section */

/* Begin XCConfigurationList section */
		971108292E42C02300FE05E5 /* Build configuration list for PBXProject "ImageTagger" */ = {
			isa = XCConfigurationList;
			buildConfigurations = (
				9711084D2E42C02300FE05E5 /* Debug */,
				9711084E2E42C02300FE05E5 /* Release */,
			);
			defaultConfigurationIsVisible = 0;
			defaultConfigurationName = Release;
		};
		9711084F2E42C02300FE05E5 /* Build configuration list for PBXNativeTarget "ImageTagger" */ = {
			isa = XCConfigurationList;
			buildConfigurations = (
				971108502E42C02300FE05E5 /* Debug */,
				971108512E42C02300FE05E5 /* Release */,
			);
			defaultConfigurationIsVisible = 0;
			defaultConfigurationName = Release;
		};
		971108522E42C02300FE05E5 /* Build configuration list for PBXNativeTarget "ImageTaggerTests" */ = {
			isa = XCConfigurationList;
			buildConfigurations = (
				971108532E42C02300FE05E5 /* Debug */,
				971108542E42C02300FE05E5 /* Release */,
			);
			defaultConfigurationIsVisible = 0;
			defaultConfigurationName = Release;
		};
		971108552E42C02300FE05E5 /* Build configuration list for PBXNativeTarget "ImageTaggerUITests" */ = {
			isa = XCConfigurationList;
			buildConfigurations = (
				971108562E42C02300FE05E5 /* Debug */,
				971108572E42C02300FE05E5 /* Release */,
			);
			defaultConfigurationIsVisible = 0;
			defaultConfigurationName = Release;
		};
/* End XCConfigurationList section */
	};
	rootObject = 971108262E42C02300FE05E5 /* Project object */;
}
